# This file is automatically @generated by Cargo.
# It is not intended for manual editing.
version = 4

[[package]]
name = "axiom-aarch64"
version = "0.1.0"
dependencies = [
 "axiom-ir",
 "axiom-mir",
 "axiom-target",
]

[[package]]
name = "axiom-autotune"
version = "0.1.0"
dependencies = [
 "axiom-ir",
 "axiom-mir",
 "axiom-opt",
 "axiom-target",
]

[[package]]
name = "axiom-bench"
version = "0.1.0"
dependencies = [
 "axiom-autotune",
 "axiom-block-layout",
 "axiom-codegen",
 "axiom-driver",
 "axiom-ir",
 "axiom-legalize",
 "axiom-lto",
 "axiom-mir",
 "axiom-opt",
 "axiom-ownership",
 "axiom-regalloc",
 "axiom-target",
 "axiom-x86",
]

[[package]]
name = "axiom-block-layout"
version = "0.1.0"
dependencies = [
 "axiom-ir",
 "axiom-mir",
]

[[package]]
name = "axiom-codegen"
version = "0.1.0"
dependencies = [
 "axiom-ir",
 "axiom-legalize",
 "axiom-mir",
 "axiom-regalloc",
 "axiom-target",
]

[[package]]
name = "axiom-driver"
version = "0.1.0"
dependencies = [
 "axiom-codegen",
 "axiom-ir",
 "axiom-legalize",
 "axiom-mir",
 "axiom-opt",
 "axiom-ownership",
 "axiom-regalloc",
 "axiom-target",
 "axiom-x86",
]

[[package]]
name = "axiom-ir"
version = "0.1.0"
dependencies = [
 "axiom-span",
]

[[package]]
name = "axiom-legalize"
version = "0.1.0"
dependencies = [
 "axiom-ir",
 "axiom-mir",
 "axiom-target",
]

[[package]]
name = "axiom-lto"
version = "0.1.0"
dependencies = [
 "axiom-ir",
 "axiom-opt",
 "axiom-ownership",
]

[[package]]
name = "axiom-mir"
version = "0.1.0"
dependencies = [
 "axiom-ir",
]

[[package]]
name = "axiom-opt"
version = "0.1.0"
dependencies = [
 "axiom-ir",
 "axiom-ownership",
]

[[package]]
name = "axiom-ownership"
version = "0.1.0"
dependencies = [
 "axiom-ir",
]

[[package]]
name = "axiom-regalloc"
version = "0.1.0"
dependencies = [
 "axiom-ir",
 "axiom-mir",
 "axiom-ownership",
 "axiom-target",
]

[[package]]
name = "axiom-riscv"
version = "0.1.0"
dependencies = [
 "axiom-ir",
 "axiom-mir",
 "axiom-target",
]

[[package]]
name = "axiom-span"
version = "0.1.0"

[[package]]
name = "axiom-target"
version = "0.1.0"
dependencies = [
 "axiom-ir",
 "axiom-mir",
]

[[package]]
name = "axiom-wasm"
version = "0.1.0"
dependencies = [
 "axiom-ir",
 "axiom-mir",
 "axiom-target",
]

[[package]]
name = "axiom-x86"
version = "0.1.0"
dependencies = [
 "axiom-ir",
 "axiom-mir",
 "axiom-target",
]
